Microsoft Visual Studio Solution File, Format Version 12.00
# Visual Studio 15
VisualStudioVersion = 15.0.28307.106
MinimumVisualStudioVersion = 10.0.40219.1
Project("{FAE04EC0-301F-11D3-BF4B-00C04F79EFBC}") = "WheelSpinner.Android", "WheelSpinner.Android\WheelSpinner.Android.csproj", "{C8AD1F06-25DD-40A8-B607-0B6BE020A4E2}"
EndProject
Project("{FAE04EC0-301F-11D3-BF4B-00C04F79EFBC}") = "WheelSpinner.iOS", "WheelSpinner.iOS\WheelSpinner.iOS.csproj", "{0FA24E51-02DC-4F88-A354-491429843936}"
EndProject
Project("{9A19103F-16F7-4668-BE54-9A1E7A4F7556}") = "WheelSpinner", "WheelSpinner\WheelSpinner.csproj", "{D4E64697-9E59-4036-841B-2C24BA6E4C23}"
EndProject
Project("{FAE04EC0-301F-11D3-BF4B-00C04F79EFBC}") = "WheelSpinner.macOS", "WheelSpinner.macOS\WheelSpinner.macOS.csproj", "{04F3BA2F-DE2F-4F1D-AB56-4D5883920B78}"
EndProject
Project("{FAE04EC0-301F-11D3-BF4B-00C04F79EFBC}") = "WheelSpinner.UWP", "WheelSpinner.UWP\WheelSpinner.UWP.csproj", "{E3D12BF4-427C-4DA1-B1D7-0A78B88B0788}"
EndProject
Global
	GlobalSection(SolutionConfigurationPlatforms) = preSolution
		Ad-Hoc|Any CPU = Ad-Hoc|Any CPU
		Ad-Hoc|ARM = Ad-Hoc|ARM
		Ad-Hoc|ARM64 = Ad-Hoc|ARM64
		Ad-Hoc|iPhone = Ad-Hoc|iPhone
		Ad-Hoc|iPhoneSimulator = Ad-Hoc|iPhoneSimulator
		Ad-Hoc|x64 = Ad-Hoc|x64
		Ad-Hoc|x86 = Ad-Hoc|x86
		AppStore|Any CPU = AppStore|Any CPU
		AppStore|ARM = AppStore|ARM
		AppStore|ARM64 = AppStore|ARM64
		AppStore|iPhone = AppStore|iPhone
		AppStore|iPhoneSimulator = AppStore|iPhoneSimulator
		AppStore|x64 = AppStore|x64
		AppStore|x86 = AppStore|x86
		Debug|Any CPU = Debug|Any CPU
		Debug|ARM = Debug|ARM
		Debug|ARM64 = Debug|ARM64
		Debug|iPhone = Debug|iPhone
		Debug|iPhoneSimulator = Debug|iPhoneSimulator
		Debug|x64 = Debug|x64
		Debug|x86 = Debug|x86
		Release|Any CPU = Release|Any CPU
		Release|ARM = Release|ARM
		Release|ARM64 = Release|ARM64
		Release|iPhone = Release|iPhone
		Release|iPhoneSimulator = Release|iPhoneSimulator
		Release|x64 = Release|x64
		Release|x86 = Release|x86
	EndGlobalSection
	GlobalSection(ProjectConfigurationPlatforms) = postSolution
		{C8AD1F06-25DD-40A8-B607-0B6BE020A4E2}.Ad-Hoc|Any CPU.ActiveCfg = Release|Any CPU
		{C8AD1F06-25DD-40A8-B607-0B6BE020A4E2}.Ad-Hoc|ARM.ActiveCfg = Debug|Any CPU
		{C8AD1F06-25DD-40A8-B607-0B6BE020A4E2}.Ad-Hoc|ARM.Build.0 = Debug|Any CPU
		{C8AD1F06-25DD-40A8-B607-0B6BE020A4E2}.Ad-Hoc|ARM.Deploy.0 = Debug|Any CPU
		{C8AD1F06-25DD-40A8-B607-0B6BE020A4E2}.Ad-Hoc|ARM64.ActiveCfg = Debug|Any CPU
		{C8AD1F06-25DD-40A8-B607-0B6BE020A4E2}.Ad-Hoc|ARM64.Build.0 = Debug|Any CPU
		{C8AD1F06-25DD-40A8-B607-0B6BE020A4E2}.Ad-Hoc|ARM64.Deploy.0 = Debug|Any CPU
		{C8AD1F06-25DD-40A8-B607-0B6BE020A4E2}.Ad-Hoc|iPhone.ActiveCfg = Debug|Any CPU
		{C8AD1F06-25DD-40A8-B607-0B6BE020A4E2}.Ad-Hoc|iPhone.Build.0 = Debug|Any CPU
		{C8AD1F06-25DD-40A8-B607-0B6BE020A4E2}.Ad-Hoc|iPhoneSimulator.ActiveCfg = Release|Any CPU
		{C8AD1F06-25DD-40A8-B607-0B6BE020A4E2}.Ad-Hoc|x64.ActiveCfg = Debug|Any CPU
		{C8AD1F06-25DD-40A8-B607-0B6BE020A4E2}.Ad-Hoc|x64.Build.0 = Debug|Any CPU
		{C8AD1F06-25DD-40A8-B607-0B6BE020A4E2}.Ad-Hoc|x64.Deploy.0 = Debug|Any CPU
		{C8AD1F06-25DD-40A8-B607-0B6BE020A4E2}.Ad-Hoc|x86.ActiveCfg = Debug|Any CPU
		{C8AD1F06-25DD-40A8-B607-0B6BE020A4E2}.Ad-Hoc|x86.Build.0 = Debug|Any CPU
		{C8AD1F06-25DD-40A8-B607-0B6BE020A4E2}.Ad-Hoc|x86.Deploy.0 = Debug|Any CPU
		{C8AD1F06-25DD-40A8-B607-0B6BE020A4E2}.AppStore|Any CPU.ActiveCfg = Release|Any CPU
		{C8AD1F06-25DD-40A8-B607-0B6BE020A4E2}.AppStore|ARM.ActiveCfg = Debug|Any CPU
		{C8AD1F06-25DD-40A8-B607-0B6BE020A4E2}.AppStore|ARM.Build.0 = Debug|Any CPU
		{C8AD1F06-25DD-40A8-B607-0B6BE020A4E2}.AppStore|ARM.Deploy.0 = Debug|Any CPU
		{C8AD1F06-25DD-40A8-B607-0B6BE020A4E2}.AppStore|ARM64.ActiveCfg = Debug|Any CPU
		{C8AD1F06-25DD-40A8-B607-0B6BE020A4E2}.AppStore|ARM64.Build.0 = Debug|Any CPU
		{C8AD1F06-25DD-40A8-B607-0B6BE020A4E2}.AppStore|ARM64.Deploy.0 = Debug|Any CPU
		{C8AD1F06-25DD-40A8-B607-0B6BE020A4E2}.AppStore|iPhone.ActiveCfg = Debug|Any CPU
		{C8AD1F06-25DD-40A8-B607-0B6BE020A4E2}.AppStore|iPhone.Build.0 = Debug|Any CPU
		{C8AD1F06-25DD-40A8-B607-0B6BE020A4E2}.AppStore|iPhoneSimulator.ActiveCfg = Release|Any CPU
		{C8AD1F06-25DD-40A8-B607-0B6BE020A4E2}.AppStore|x64.ActiveCfg = Debug|Any CPU
		{C8AD1F06-25DD-40A8-B607-0B6BE020A4E2}.AppStore|x64.Build.0 = Debug|Any CPU
		{C8AD1F06-25DD-40A8-B607-0B6BE020A4E2}.AppStore|x64.Deploy.0 = Debug|Any CPU
		{C8AD1F06-25DD-40A8-B607-0B6BE020A4E2}.AppStore|x86.ActiveCfg = Debug|Any CPU
		{C8AD1F06-25DD-40A8-B607-0B6BE020A4E2}.AppStore|x86.Build.0 = Debug|Any CPU
		{C8AD1F06-25DD-40A8-B607-0B6BE020A4E2}.AppStore|x86.Deploy.0 = Debug|Any CPU
		{C8AD1F06-25DD-40A8-B607-0B6BE020A4E2}.Debug|Any CPU.ActiveCfg = Debug|Any CPU
		{C8AD1F06-25DD-40A8-B607-0B6BE020A4E2}.Debug|Any CPU.Build.0 = Debug|Any CPU
		{C8AD1F06-25DD-40A8-B607-0B6BE020A4E2}.Debug|Any CPU.Deploy.0 = Debug|Any CPU
		{C8AD1F06-25DD-40A8-B607-0B6BE020A4E2}.Debug|ARM.ActiveCfg = Debug|Any CPU
		{C8AD1F06-25DD-40A8-B607-0B6BE020A4E2}.Debug|ARM.Build.0 = Debug|Any CPU
		{C8AD1F06-25DD-40A8-B607-0B6BE020A4E2}.Debug|ARM.Deploy.0 = Debug|Any CPU
		{C8AD1F06-25DD-40A8-B607-0B6BE020A4E2}.Debug|ARM64.ActiveCfg = Debug|Any CPU
		{C8AD1F06-25DD-40A8-B607-0B6BE020A4E2}.Debug|ARM64.Build.0 = Debug|Any CPU
		{C8AD1F06-25DD-40A8-B607-0B6BE020A4E2}.Debug|ARM64.Deploy.0 = Debug|Any CPU
		{C8AD1F06-25DD-40A8-B607-0B6BE020A4E2}.Debug|iPhone.ActiveCfg = Debug|Any CPU
		{C8AD1F06-25DD-40A8-B607-0B6BE020A4E2}.Debug|iPhone.Build.0 = Debug|Any CPU
		{C8AD1F06-25DD-40A8-B607-0B6BE020A4E2}.Debug|iPhoneSimulator.ActiveCfg = Debug|Any CPU
		{C8AD1F06-25DD-40A8-B607-0B6BE020A4E2}.Debug|iPhoneSimulator.Build.0 = Debug|Any CPU
		{C8AD1F06-25DD-40A8-B607-0B6BE020A4E2}.Debug|x64.ActiveCfg = Debug|Any CPU
		{C8AD1F06-25DD-40A8-B607-0B6BE020A4E2}.Debug|x64.Build.0 = Debug|Any CPU
		{C8AD1F06-25DD-40A8-B607-0B6BE020A4E2}.Debug|x64.Deploy.0 = Debug|Any CPU
		{C8AD1F06-25DD-40A8-B607-0B6BE020A4E2}.Debug|x86.ActiveCfg = Debug|Any CPU
		{C8AD1F06-25DD-40A8-B607-0B6BE020A4E2}.Debug|x86.Build.0 = Debug|Any CPU
		{C8AD1F06-25DD-40A8-B607-0B6BE020A4E2}.Debug|x86.Deploy.0 = Debug|Any CPU
		{C8AD1F06-25DD-40A8-B607-0B6BE020A4E2}.Release|Any CPU.ActiveCfg = Release|Any CPU
		{C8AD1F06-25DD-40A8-B607-0B6BE020A4E2}.Release|Any CPU.Build.0 = Release|Any CPU
		{C8AD1F06-25DD-40A8-B607-0B6BE020A4E2}.Release|ARM.ActiveCfg = Release|Any CPU
		{C8AD1F06-25DD-40A8-B607-0B6BE020A4E2}.Release|ARM.Build.0 = Release|Any CPU
		{C8AD1F06-25DD-40A8-B607-0B6BE020A4E2}.Release|ARM.Deploy.0 = Release|Any CPU
		{C8AD1F06-25DD-40A8-B607-0B6BE020A4E2}.Release|ARM64.ActiveCfg = Release|Any CPU
		{C8AD1F06-25DD-40A8-B607-0B6BE020A4E2}.Release|ARM64.Build.0 = Release|Any CPU
		{C8AD1F06-25DD-40A8-B607-0B6BE020A4E2}.Release|ARM64.Deploy.0 = Release|Any CPU
		{C8AD1F06-25DD-40A8-B607-0B6BE020A4E2}.Release|iPhone.ActiveCfg = Release|Any CPU
		{C8AD1F06-25DD-40A8-B607-0B6BE020A4E2}.Release|iPhone.Build.0 = Release|Any CPU
		{C8AD1F06-25DD-40A8-B607-0B6BE020A4E2}.Release|iPhoneSimulator.ActiveCfg = Release|Any CPU
		{C8AD1F06-25DD-40A8-B607-0B6BE020A4E2}.Release|iPhoneSimulator.Build.0 = Release|Any CPU
		{C8AD1F06-25DD-40A8-B607-0B6BE020A4E2}.Release|x64.ActiveCfg = Release|Any CPU
		{C8AD1F06-25DD-40A8-B607-0B6BE020A4E2}.Release|x64.Build.0 = Release|Any CPU
		{C8AD1F06-25DD-40A8-B607-0B6BE020A4E2}.Release|x64.Deploy.0 = Release|Any CPU
		{C8AD1F06-25DD-40A8-B607-0B6BE020A4E2}.Release|x86.ActiveCfg = Release|Any CPU
		{C8AD1F06-25DD-40A8-B607-0B6BE020A4E2}.Release|x86.Build.0 = Release|Any CPU
		{C8AD1F06-25DD-40A8-B607-0B6BE020A4E2}.Release|x86.Deploy.0 = Release|Any CPU
		{0FA24E51-02DC-4F88-A354-491429843936}.Ad-Hoc|Any CPU.ActiveCfg = Ad-Hoc|iPhone
		{0FA24E51-02DC-4F88-A354-491429843936}.Ad-Hoc|ARM.ActiveCfg = Ad-Hoc|iPhoneSimulator
		{0FA24E51-02DC-4F88-A354-491429843936}.Ad-Hoc|ARM64.ActiveCfg = Ad-Hoc|iPhoneSimulator
		{0FA24E51-02DC-4F88-A354-491429843936}.Ad-Hoc|iPhone.ActiveCfg = Ad-Hoc|iPhone
		{0FA24E51-02DC-4F88-A354-491429843936}.Ad-Hoc|iPhone.Build.0 = Ad-Hoc|iPhone
		{0FA24E51-02DC-4F88-A354-491429843936}.Ad-Hoc|iPhoneSimulator.ActiveCfg = Ad-Hoc|iPhone
		{0FA24E51-02DC-4F88-A354-491429843936}.Ad-Hoc|x64.ActiveCfg = Ad-Hoc|iPhoneSimulator
		{0FA24E51-02DC-4F88-A354-491429843936}.Ad-Hoc|x86.ActiveCfg = Ad-Hoc|iPhoneSimulator
		{0FA24E51-02DC-4F88-A354-491429843936}.AppStore|Any CPU.ActiveCfg = AppStore|iPhone
		{0FA24E51-02DC-4F88-A354-491429843936}.AppStore|ARM.ActiveCfg = AppStore|iPhoneSimulator
		{0FA24E51-02DC-4F88-A354-491429843936}.AppStore|ARM64.ActiveCfg = AppStore|iPhoneSimulator
		{0FA24E51-02DC-4F88-A354-491429843936}.AppStore|iPhone.ActiveCfg = AppStore|iPhone
		{0FA24E51-02DC-4F88-A354-491429843936}.AppStore|iPhone.Build.0 = AppStore|iPhone
		{0FA24E51-02DC-4F88-A354-491429843936}.AppStore|iPhoneSimulator.ActiveCfg = AppStore|iPhone
		{0FA24E51-02DC-4F88-A354-491429843936}.AppStore|x64.ActiveCfg = AppStore|iPhoneSimulator
		{0FA24E51-02DC-4F88-A354-491429843936}.AppStore|x86.ActiveCfg = AppStore|iPhoneSimulator
		{0FA24E51-02DC-4F88-A354-491429843936}.Debug|Any CPU.ActiveCfg = Debug|iPhoneSimulator
		{0FA24E51-02DC-4F88-A354-491429843936}.Debug|Any CPU.Build.0 = Debug|iPhoneSimulator
		{0FA24E51-02DC-4F88-A354-491429843936}.Debug|ARM.ActiveCfg = Debug|iPhone
		{0FA24E51-02DC-4F88-A354-491429843936}.Debug|ARM64.ActiveCfg = Debug|iPhone
		{0FA24E51-02DC-4F88-A354-491429843936}.Debug|iPhone.ActiveCfg = Debug|iPhone
		{0FA24E51-02DC-4F88-A354-491429843936}.Debug|iPhone.Build.0 = Debug|iPhone
		{0FA24E51-02DC-4F88-A354-491429843936}.Debug|iPhoneSimulator.ActiveCfg = Debug|iPhoneSimulator
		{0FA24E51-02DC-4F88-A354-491429843936}.Debug|iPhoneSimulator.Build.0 = Debug|iPhoneSimulator
		{0FA24E51-02DC-4F88-A354-491429843936}.Debug|x64.ActiveCfg = Debug|iPhone
		{0FA24E51-02DC-4F88-A354-491429843936}.Debug|x86.ActiveCfg = Debug|iPhone
		{0FA24E51-02DC-4F88-A354-491429843936}.Release|Any CPU.ActiveCfg = Release|iPhoneSimulator
		{0FA24E51-02DC-4F88-A354-491429843936}.Release|Any CPU.Build.0 = Release|iPhoneSimulator
		{0FA24E51-02DC-4F88-A354-491429843936}.Release|ARM.ActiveCfg = Release|iPhone
		{0FA24E51-02DC-4F88-A354-491429843936}.Release|ARM64.ActiveCfg = Release|iPhone
		{0FA24E51-02DC-4F88-A354-491429843936}.Release|iPhone.ActiveCfg = Release|iPhone
		{0FA24E51-02DC-4F88-A354-491429843936}.Release|iPhone.Build.0 = Release|iPhone
		{0FA24E51-02DC-4F88-A354-491429843936}.Release|iPhoneSimulator.ActiveCfg = Release|iPhoneSimulator
		{0FA24E51-02DC-4F88-A354-491429843936}.Release|iPhoneSimulator.Build.0 = Release|iPhoneSimulator
		{0FA24E51-02DC-4F88-A354-491429843936}.Release|x64.ActiveCfg = Release|iPhone
		{0FA24E51-02DC-4F88-A354-491429843936}.Release|x86.ActiveCfg = Release|iPhone
		{D4E64697-9E59-4036-841B-2C24BA6E4C23}.Ad-Hoc|Any CPU.ActiveCfg = Release|Any CPU
		{D4E64697-9E59-4036-841B-2C24BA6E4C23}.Ad-Hoc|ARM.ActiveCfg = Debug|Any CPU
		{D4E64697-9E59-4036-841B-2C24BA6E4C23}.Ad-Hoc|ARM.Build.0 = Debug|Any CPU
		{D4E64697-9E59-4036-841B-2C24BA6E4C23}.Ad-Hoc|ARM64.ActiveCfg = Debug|Any CPU
		{D4E64697-9E59-4036-841B-2C24BA6E4C23}.Ad-Hoc|ARM64.Build.0 = Debug|Any CPU
		{D4E64697-9E59-4036-841B-2C24BA6E4C23}.Ad-Hoc|iPhone.ActiveCfg = Debug|Any CPU
		{D4E64697-9E59-4036-841B-2C24BA6E4C23}.Ad-Hoc|iPhone.Build.0 = Debug|Any CPU
		{D4E64697-9E59-4036-841B-2C24BA6E4C23}.Ad-Hoc|iPhoneSimulator.ActiveCfg = Release|Any CPU
		{D4E64697-9E59-4036-841B-2C24BA6E4C23}.Ad-Hoc|x64.ActiveCfg = Debug|Any CPU
		{D4E64697-9E59-4036-841B-2C24BA6E4C23}.Ad-Hoc|x64.Build.0 = Debug|Any CPU
		{D4E64697-9E59-4036-841B-2C24BA6E4C23}.Ad-Hoc|x86.ActiveCfg = Debug|Any CPU
		{D4E64697-9E59-4036-841B-2C24BA6E4C23}.Ad-Hoc|x86.Build.0 = Debug|Any CPU
		{D4E64697-9E59-4036-841B-2C24BA6E4C23}.AppStore|Any CPU.ActiveCfg = Release|Any CPU
		{D4E64697-9E59-4036-841B-2C24BA6E4C23}.AppStore|ARM.ActiveCfg = Debug|Any CPU
		{D4E64697-9E59-4036-841B-2C24BA6E4C23}.AppStore|ARM.Build.0 = Debug|Any CPU
		{D4E64697-9E59-4036-841B-2C24BA6E4C23}.AppStore|ARM64.ActiveCfg = Debug|Any CPU
		{D4E64697-9E59-4036-841B-2C24BA6E4C23}.AppStore|ARM64.Build.0 = Debug|Any CPU
		{D4E64697-9E59-4036-841B-2C24BA6E4C23}.AppStore|iPhone.ActiveCfg = Debug|Any CPU
		{D4E64697-9E59-4036-841B-2C24BA6E4C23}.AppStore|iPhone.Build.0 = Debug|Any CPU
		{D4E64697-9E59-4036-841B-2C24BA6E4C23}.AppStore|iPhoneSimulator.ActiveCfg = Release|Any CPU
		{D4E64697-9E59-4036-841B-2C24BA6E4C23}.AppStore|x64.ActiveCfg = Debug|Any CPU
		{D4E64697-9E59-4036-841B-2C24BA6E4C23}.AppStore|x64.Build.0 = Debug|Any CPU
		{D4E64697-9E59-4036-841B-2C24BA6E4C23}.AppStore|x86.ActiveCfg = Debug|Any CPU
		{D4E64697-9E59-4036-841B-2C24BA6E4C23}.AppStore|x86.Build.0 = Debug|Any CPU
		{D4E64697-9E59-4036-841B-2C24BA6E4C23}.Debug|Any CPU.ActiveCfg = Debug|Any CPU
		{D4E64697-9E59-4036-841B-2C24BA6E4C23}.Debug|Any CPU.Build.0 = Debug|Any CPU
		{D4E64697-9E59-4036-841B-2C24BA6E4C23}.Debug|ARM.ActiveCfg = Debug|Any CPU
		{D4E64697-9E59-4036-841B-2C24BA6E4C23}.Debug|ARM.Build.0 = Debug|Any CPU
		{D4E64697-9E59-4036-841B-2C24BA6E4C23}.Debug|ARM64.ActiveCfg = Debug|Any CPU
		{D4E64697-9E59-4036-841B-2C24BA6E4C23}.Debug|ARM64.Build.0 = Debug|Any CPU
		{D4E64697-9E59-4036-841B-2C24BA6E4C23}.Debug|iPhone.ActiveCfg = Debug|Any CPU
		{D4E64697-9E59-4036-841B-2C24BA6E4C23}.Debug|iPhone.Build.0 = Debug|Any CPU
		{D4E64697-9E59-4036-841B-2C24BA6E4C23}.Debug|iPhoneSimulator.ActiveCfg = Debug|Any CPU
		{D4E64697-9E59-4036-841B-2C24BA6E4C23}.Debug|iPhoneSimulator.Build.0 = Debug|Any CPU
		{D4E64697-9E59-4036-841B-2C24BA6E4C23}.Debug|x64.ActiveCfg = Debug|Any CPU
		{D4E64697-9E59-4036-841B-2C24BA6E4C23}.Debug|x64.Build.0 = Debug|Any CPU
		{D4E64697-9E59-4036-841B-2C24BA6E4C23}.Debug|x86.ActiveCfg = Debug|Any CPU
		{D4E64697-9E59-4036-841B-2C24BA6E4C23}.Debug|x86.Build.0 = Debug|Any CPU
		{D4E64697-9E59-4036-841B-2C24BA6E4C23}.Release|Any CPU.ActiveCfg = Release|Any CPU
		{D4E64697-9E59-4036-841B-2C24BA6E4C23}.Release|Any CPU.Build.0 = Release|Any CPU
		{D4E64697-9E59-4036-841B-2C24BA6E4C23}.Release|ARM.ActiveCfg = Release|Any CPU
		{D4E64697-9E59-4036-841B-2C24BA6E4C23}.Release|ARM.Build.0 = Release|Any CPU
		{D4E64697-9E59-4036-841B-2C24BA6E4C23}.Release|ARM64.ActiveCfg = Release|Any CPU
		{D4E64697-9E59-4036-841B-2C24BA6E4C23}.Release|ARM64.Build.0 = Release|Any CPU
		{D4E64697-9E59-4036-841B-2C24BA6E4C23}.Release|iPhone.ActiveCfg = Release|Any CPU
		{D4E64697-9E59-4036-841B-2C24BA6E4C23}.Release|iPhone.Build.0 = Release|Any CPU
		{D4E64697-9E59-4036-841B-2C24BA6E4C23}.Release|iPhoneSimulator.ActiveCfg = Release|Any CPU
		{D4E64697-9E59-4036-841B-2C24BA6E4C23}.Release|iPhoneSimulator.Build.0 = Release|Any CPU
		{D4E64697-9E59-4036-841B-2C24BA6E4C23}.Release|x64.ActiveCfg = Release|Any CPU
		{D4E64697-9E59-4036-841B-2C24BA6E4C23}.Release|x64.Build.0 = Release|Any CPU
		{D4E64697-9E59-4036-841B-2C24BA6E4C23}.Release|x86.ActiveCfg = Release|Any CPU
		{D4E64697-9E59-4036-841B-2C24BA6E4C23}.Release|x86.Build.0 = Release|Any CPU
		{04F3BA2F-DE2F-4F1D-AB56-4D5883920B78}.Ad-Hoc|Any CPU.ActiveCfg = Release|x86
		{04F3BA2F-DE2F-4F1D-AB56-4D5883920B78}.Ad-Hoc|ARM.ActiveCfg = Debug|x86
		{04F3BA2F-DE2F-4F1D-AB56-4D5883920B78}.Ad-Hoc|ARM.Build.0 = Debug|x86
		{04F3BA2F-DE2F-4F1D-AB56-4D5883920B78}.Ad-Hoc|ARM64.ActiveCfg = Debug|x86
		{04F3BA2F-DE2F-4F1D-AB56-4D5883920B78}.Ad-Hoc|ARM64.Build.0 = Debug|x86
		{04F3BA2F-DE2F-4F1D-AB56-4D5883920B78}.Ad-Hoc|iPhone.ActiveCfg = Debug|x86
		{04F3BA2F-DE2F-4F1D-AB56-4D5883920B78}.Ad-Hoc|iPhone.Build.0 = Debug|x86
		{04F3BA2F-DE2F-4F1D-AB56-4D5883920B78}.Ad-Hoc|iPhoneSimulator.ActiveCfg = Release|x86
		{04F3BA2F-DE2F-4F1D-AB56-4D5883920B78}.Ad-Hoc|x64.ActiveCfg = Debug|x86
		{04F3BA2F-DE2F-4F1D-AB56-4D5883920B78}.Ad-Hoc|x64.Build.0 = Debug|x86
		{04F3BA2F-DE2F-4F1D-AB56-4D5883920B78}.Ad-Hoc|x86.ActiveCfg = Debug|x86
		{04F3BA2F-DE2F-4F1D-AB56-4D5883920B78}.Ad-Hoc|x86.Build.0 = Debug|x86
		{04F3BA2F-DE2F-4F1D-AB56-4D5883920B78}.AppStore|Any CPU.ActiveCfg = Release|x86
		{04F3BA2F-DE2F-4F1D-AB56-4D5883920B78}.AppStore|ARM.ActiveCfg = Debug|x86
		{04F3BA2F-DE2F-4F1D-AB56-4D5883920B78}.AppStore|ARM.Build.0 = Debug|x86
		{04F3BA2F-DE2F-4F1D-AB56-4D5883920B78}.AppStore|ARM64.ActiveCfg = Debug|x86
		{04F3BA2F-DE2F-4F1D-AB56-4D5883920B78}.AppStore|ARM64.Build.0 = Debug|x86
		{04F3BA2F-DE2F-4F1D-AB56-4D5883920B78}.AppStore|iPhone.ActiveCfg = Debug|x86
		{04F3BA2F-DE2F-4F1D-AB56-4D5883920B78}.AppStore|iPhone.Build.0 = Debug|x86
		{04F3BA2F-DE2F-4F1D-AB56-4D5883920B78}.AppStore|iPhoneSimulator.ActiveCfg = Release|x86
		{04F3BA2F-DE2F-4F1D-AB56-4D5883920B78}.AppStore|x64.ActiveCfg = Debug|x86
		{04F3BA2F-DE2F-4F1D-AB56-4D5883920B78}.AppStore|x64.Build.0 = Debug|x86
		{04F3BA2F-DE2F-4F1D-AB56-4D5883920B78}.AppStore|x86.ActiveCfg = Debug|x86
		{04F3BA2F-DE2F-4F1D-AB56-4D5883920B78}.AppStore|x86.Build.0 = Debug|x86
		{04F3BA2F-DE2F-4F1D-AB56-4D5883920B78}.Debug|Any CPU.ActiveCfg = Debug|x86
		{04F3BA2F-DE2F-4F1D-AB56-4D5883920B78}.Debug|Any CPU.Build.0 = Debug|x86
		{04F3BA2F-DE2F-4F1D-AB56-4D5883920B78}.Debug|ARM.ActiveCfg = Debug|x86
		{04F3BA2F-DE2F-4F1D-AB56-4D5883920B78}.Debug|ARM64.ActiveCfg = Debug|x86
		{04F3BA2F-DE2F-4F1D-AB56-4D5883920B78}.Debug|iPhone.ActiveCfg = Debug|x86
		{04F3BA2F-DE2F-4F1D-AB56-4D5883920B78}.Debug|iPhone.Build.0 = Debug|x86
		{04F3BA2F-DE2F-4F1D-AB56-4D5883920B78}.Debug|iPhoneSimulator.ActiveCfg = Debug|x86
		{04F3BA2F-DE2F-4F1D-AB56-4D5883920B78}.Debug|iPhoneSimulator.Build.0 = Debug|x86
		{04F3BA2F-DE2F-4F1D-AB56-4D5883920B78}.Debug|x64.ActiveCfg = Debug|x86
		{04F3BA2F-DE2F-4F1D-AB56-4D5883920B78}.Debug|x86.ActiveCfg = Debug|x86
		{04F3BA2F-DE2F-4F1D-AB56-4D5883920B78}.Debug|x86.Build.0 = Debug|x86
		{04F3BA2F-DE2F-4F1D-AB56-4D5883920B78}.Release|Any CPU.ActiveCfg = Release|x86
		{04F3BA2F-DE2F-4F1D-AB56-4D5883920B78}.Release|Any CPU.Build.0 = Release|x86
		{04F3BA2F-DE2F-4F1D-AB56-4D5883920B78}.Release|ARM.ActiveCfg = Release|x86
		{04F3BA2F-DE2F-4F1D-AB56-4D5883920B78}.Release|ARM64.ActiveCfg = Release|x86
		{04F3BA2F-DE2F-4F1D-AB56-4D5883920B78}.Release|iPhone.ActiveCfg = Release|x86
		{04F3BA2F-DE2F-4F1D-AB56-4D5883920B78}.Release|iPhone.Build.0 = Release|x86
		{04F3BA2F-DE2F-4F1D-AB56-4D5883920B78}.Release|iPhoneSimulator.ActiveCfg = Release|x86
		{04F3BA2F-DE2F-4F1D-AB56-4D5883920B78}.Release|iPhoneSimulator.Build.0 = Release|x86
		{04F3BA2F-DE2F-4F1D-AB56-4D5883920B78}.Release|x64.ActiveCfg = Release|x86
		{04F3BA2F-DE2F-4F1D-AB56-4D5883920B78}.Release|x86.ActiveCfg = Release|x86
		{04F3BA2F-DE2F-4F1D-AB56-4D5883920B78}.Release|x86.Build.0 = Release|x86
		{E3D12BF4-427C-4DA1-B1D7-0A78B88B0788}.Ad-Hoc|Any CPU.ActiveCfg = Release|x64
		{E3D12BF4-427C-4DA1-B1D7-0A78B88B0788}.Ad-Hoc|Any CPU.Build.0 = Release|x64
		{E3D12BF4-427C-4DA1-B1D7-0A78B88B0788}.Ad-Hoc|Any CPU.Deploy.0 = Release|x64
		{E3D12BF4-427C-4DA1-B1D7-0A78B88B0788}.Ad-Hoc|ARM.ActiveCfg = Release|ARM
		{E3D12BF4-427C-4DA1-B1D7-0A78B88B0788}.Ad-Hoc|ARM.Build.0 = Release|ARM
		{E3D12BF4-427C-4DA1-B1D7-0A78B88B0788}.Ad-Hoc|ARM.Deploy.0 = Release|ARM
		{E3D12BF4-427C-4DA1-B1D7-0A78B88B0788}.Ad-Hoc|ARM64.ActiveCfg = Release|ARM64
		{E3D12BF4-427C-4DA1-B1D7-0A78B88B0788}.Ad-Hoc|ARM64.Build.0 = Release|ARM64
		{E3D12BF4-427C-4DA1-B1D7-0A78B88B0788}.Ad-Hoc|ARM64.Deploy.0 = Release|ARM64
		{E3D12BF4-427C-4DA1-B1D7-0A78B88B0788}.Ad-Hoc|iPhone.ActiveCfg = Release|x64
		{E3D12BF4-427C-4DA1-B1D7-0A78B88B0788}.Ad-Hoc|iPhone.Build.0 = Release|x64
		{E3D12BF4-427C-4DA1-B1D7-0A78B88B0788}.Ad-Hoc|iPhone.Deploy.0 = Release|x64
		{E3D12BF4-427C-4DA1-B1D7-0A78B88B0788}.Ad-Hoc|iPhoneSimulator.ActiveCfg = Release|x64
		{E3D12BF4-427C-4DA1-B1D7-0A78B88B0788}.Ad-Hoc|iPhoneSimulator.Build.0 = Release|x64
		{E3D12BF4-427C-4DA1-B1D7-0A78B88B0788}.Ad-Hoc|iPhoneSimulator.Deploy.0 = Release|x64
		{E3D12BF4-427C-4DA1-B1D7-0A78B88B0788}.Ad-Hoc|x64.ActiveCfg = Release|x64
		{E3D12BF4-427C-4DA1-B1D7-0A78B88B0788}.Ad-Hoc|x64.Build.0 = Release|x64
		{E3D12BF4-427C-4DA1-B1D7-0A78B88B0788}.Ad-Hoc|x64.Deploy.0 = Release|x64
		{E3D12BF4-427C-4DA1-B1D7-0A78B88B0788}.Ad-Hoc|x86.ActiveCfg = Release|x86
		{E3D12BF4-427C-4DA1-B1D7-0A78B88B0788}.Ad-Hoc|x86.Build.0 = Release|x86
		{E3D12BF4-427C-4DA1-B1D7-0A78B88B0788}.Ad-Hoc|x86.Deploy.0 = Release|x86
		{E3D12BF4-427C-4DA1-B1D7-0A78B88B0788}.AppStore|Any CPU.ActiveCfg = Release|x64
		{E3D12BF4-427C-4DA1-B1D7-0A78B88B0788}.AppStore|Any CPU.Build.0 = Release|x64
		{E3D12BF4-427C-4DA1-B1D7-0A78B88B0788}.AppStore|Any CPU.Deploy.0 = Release|x64
		{E3D12BF4-427C-4DA1-B1D7-0A78B88B0788}.AppStore|ARM.ActiveCfg = Release|ARM
		{E3D12BF4-427C-4DA1-B1D7-0A78B88B0788}.AppStore|ARM.Build.0 = Release|ARM
		{E3D12BF4-427C-4DA1-B1D7-0A78B88B0788}.AppStore|ARM.Deploy.0 = Release|ARM
		{E3D12BF4-427C-4DA1-B1D7-0A78B88B0788}.AppStore|ARM64.ActiveCfg = Release|ARM64
		{E3D12BF4-427C-4DA1-B1D7-0A78B88B0788}.AppStore|ARM64.Build.0 = Release|ARM64
		{E3D12BF4-427C-4DA1-B1D7-0A78B88B0788}.AppStore|ARM64.Deploy.0 = Release|ARM64
		{E3D12BF4-427C-4DA1-B1D7-0A78B88B0788}.AppStore|iPhone.ActiveCfg = Release|x64
		{E3D12BF4-427C-4DA1-B1D7-0A78B88B0788}.AppStore|iPhone.Build.0 = Release|x64
		{E3D12BF4-427C-4DA1-B1D7-0A78B88B0788}.AppStore|iPhone.Deploy.0 = Release|x64
		{E3D12BF4-427C-4DA1-B1D7-0A78B88B0788}.AppStore|iPhoneSimulator.ActiveCfg = Release|x64
		{E3D12BF4-427C-4DA1-B1D7-0A78B88B0788}.AppStore|iPhoneSimulator.Build.0 = Release|x64
		{E3D12BF4-427C-4DA1-B1D7-0A78B88B0788}.AppStore|iPhoneSimulator.Deploy.0 = Release|x64
		{E3D12BF4-427C-4DA1-B1D7-0A78B88B0788}.AppStore|x64.ActiveCfg = Release|x64
		{E3D12BF4-427C-4DA1-B1D7-0A78B88B0788}.AppStore|x64.Build.0 = Release|x64
		{E3D12BF4-427C-4DA1-B1D7-0A78B88B0788}.AppStore|x64.Deploy.0 = Release|x64
		{E3D12BF4-427C-4DA1-B1D7-0A78B88B0788}.AppStore|x86.ActiveCfg = Release|x86
		{E3D12BF4-427C-4DA1-B1D7-0A78B88B0788}.AppStore|x86.Build.0 = Release|x86
		{E3D12BF4-427C-4DA1-B1D7-0A78B88B0788}.AppStore|x86.Deploy.0 = Release|x86
		{E3D12BF4-427C-4DA1-B1D7-0A78B88B0788}.Debug|Any CPU.ActiveCfg = Debug|x86
		{E3D12BF4-427C-4DA1-B1D7-0A78B88B0788}.Debug|Any CPU.Build.0 = Debug|x86
		{E3D12BF4-427C-4DA1-B1D7-0A78B88B0788}.Debug|Any CPU.Deploy.0 = Debug|x86
		{E3D12BF4-427C-4DA1-B1D7-0A78B88B0788}.Debug|ARM.ActiveCfg = Debug|ARM
		{E3D12BF4-427C-4DA1-B1D7-0A78B88B0788}.Debug|ARM.Build.0 = Debug|ARM
		{E3D12BF4-427C-4DA1-B1D7-0A78B88B0788}.Debug|ARM.Deploy.0 = Debug|ARM
		{E3D12BF4-427C-4DA1-B1D7-0A78B88B0788}.Debug|ARM64.ActiveCfg = Debug|ARM64
		{E3D12BF4-427C-4DA1-B1D7-0A78B88B0788}.Debug|ARM64.Build.0 = Debug|ARM64
		{E3D12BF4-427C-4DA1-B1D7-0A78B88B0788}.Debug|ARM64.Deploy.0 = Debug|ARM64
		{E3D12BF4-427C-4DA1-B1D7-0A78B88B0788}.Debug|iPhone.ActiveCfg = Debug|x86
		{E3D12BF4-427C-4DA1-B1D7-0A78B88B0788}.Debug|iPhoneSimulator.ActiveCfg = Debug|x86
		{E3D12BF4-427C-4DA1-B1D7-0A78B88B0788}.Debug|x64.ActiveCfg = Debug|x64
		{E3D12BF4-427C-4DA1-B1D7-0A78B88B0788}.Debug|x64.Build.0 = Debug|x64
		{E3D12BF4-427C-4DA1-B1D7-0A78B88B0788}.Debug|x64.Deploy.0 = Debug|x64
		{E3D12BF4-427C-4DA1-B1D7-0A78B88B0788}.Debug|x86.ActiveCfg = Debug|x86
		{E3D12BF4-427C-4DA1-B1D7-0A78B88B0788}.Debug|x86.Build.0 = Debug|x86
		{E3D12BF4-427C-4DA1-B1D7-0A78B88B0788}.Debug|x86.Deploy.0 = Debug|x86
		{E3D12BF4-427C-4DA1-B1D7-0A78B88B0788}.Release|Any CPU.ActiveCfg = Release|x86
		{E3D12BF4-427C-4DA1-B1D7-0A78B88B0788}.Release|ARM.ActiveCfg = Release|ARM
		{E3D12BF4-427C-4DA1-B1D7-0A78B88B0788}.Release|ARM.Build.0 = Release|ARM
		{E3D12BF4-427C-4DA1-B1D7-0A78B88B0788}.Release|ARM.Deploy.0 = Release|ARM
		{E3D12BF4-427C-4DA1-B1D7-0A78B88B0788}.Release|ARM64.ActiveCfg = Release|ARM64
		{E3D12BF4-427C-4DA1-B1D7-0A78B88B0788}.Release|ARM64.Build.0 = Release|ARM64
		{E3D12BF4-427C-4DA1-B1D7-0A78B88B0788}.Release|ARM64.Deploy.0 = Release|ARM64
		{E3D12BF4-427C-4DA1-B1D7-0A78B88B0788}.Release|iPhone.ActiveCfg = Release|x86
		{E3D12BF4-427C-4DA1-B1D7-0A78B88B0788}.Release|iPhoneSimulator.ActiveCfg = Release|x86
		{E3D12BF4-427C-4DA1-B1D7-0A78B88B0788}.Release|x64.ActiveCfg = Release|x64
		{E3D12BF4-427C-4DA1-B1D7-0A78B88B0788}.Release|x64.Build.0 = Release|x64
		{E3D12BF4-427C-4DA1-B1D7-0A78B88B0788}.Release|x64.Deploy.0 = Release|x64
		{E3D12BF4-427C-4DA1-B1D7-0A78B88B0788}.Release|x86.ActiveCfg = Release|x86
		{E3D12BF4-427C-4DA1-B1D7-0A78B88B0788}.Release|x86.Build.0 = Release|x86
		{E3D12BF4-427C-4DA1-B1D7-0A78B88B0788}.Release|x86.Deploy.0 = Release|x86
	EndGlobalSection
	GlobalSection(SolutionProperties) = preSolution
		HideSolutionNode = FALSE
	EndGlobalSection
	GlobalSection(ExtensibilityGlobals) = postSolution
		SolutionGuid = {ACCCCF7A-AC04-4682-9DB0-7C690A4FAA77}
	EndGlobalSection
EndGlobal
