
Microsoft Visual Studio Solution File, Format Version 12.00
# Visual Studio 15
Project("{FAE04EC0-301F-11D3-BF4B-00C04F79EFBC}") = "WheelSpinner.Android", "WheelSpinner.Android\WheelSpinner.Android.csproj", "{C8AD1F06-25DD-40A8-B607-0B6BE020A4E2}"
EndProject
Project("{FAE04EC0-301F-11D3-BF4B-00C04F79EFBC}") = "WheelSpinner.iOS", "WheelSpinner.iOS\WheelSpinner.iOS.csproj", "{0FA24E51-02DC-4F88-A354-491429843936}"
EndProject
Project("{FAE04EC0-301F-11D3-BF4B-00C04F79EFBC}") = "WheelSpinner", "WheelSpinner\WheelSpinner.csproj", "{D4E64697-9E59-4036-841B-2C24BA6E4C23}"
EndProject
Project("{9344BDBB-3E7F-41FC-A0DD-8665D75EE146}") = "WheelSpinner.macOS", "WheelSpinner.macOS\WheelSpinner.macOS.csproj", "{8BF132EF-B64F-43D7-BCC1-C9601FE1FFBF}"
EndProject
Global
	GlobalSection(SolutionConfigurationPlatforms) = preSolution
		Debug|Any CPU = Debug|Any CPU
		Release|Any CPU = Release|Any CPU
		Debug|iPhoneSimulator = Debug|iPhoneSimulator
		Release|iPhoneSimulator = Release|iPhoneSimulator
		Debug|iPhone = Debug|iPhone
		Release|iPhone = Release|iPhone
		Ad-Hoc|iPhone = Ad-Hoc|iPhone
		AppStore|iPhone = AppStore|iPhone
	EndGlobalSection
	GlobalSection(ProjectConfigurationPlatforms) = postSolution
		{C8AD1F06-25DD-40A8-B607-0B6BE020A4E2}.Debug|Any CPU.ActiveCfg = Debug|Any CPU
		{C8AD1F06-25DD-40A8-B607-0B6BE020A4E2}.Debug|Any CPU.Build.0 = Debug|Any CPU
		{C8AD1F06-25DD-40A8-B607-0B6BE020A4E2}.Release|Any CPU.ActiveCfg = Release|Any CPU
		{C8AD1F06-25DD-40A8-B607-0B6BE020A4E2}.Release|Any CPU.Build.0 = Release|Any CPU
		{C8AD1F06-25DD-40A8-B607-0B6BE020A4E2}.Debug|iPhoneSimulator.ActiveCfg = Debug|Any CPU
		{C8AD1F06-25DD-40A8-B607-0B6BE020A4E2}.Debug|iPhoneSimulator.Build.0 = Debug|Any CPU
		{C8AD1F06-25DD-40A8-B607-0B6BE020A4E2}.Release|iPhoneSimulator.ActiveCfg = Release|Any CPU
		{C8AD1F06-25DD-40A8-B607-0B6BE020A4E2}.Release|iPhoneSimulator.Build.0 = Release|Any CPU
		{C8AD1F06-25DD-40A8-B607-0B6BE020A4E2}.Debug|iPhone.ActiveCfg = Debug|Any CPU
		{C8AD1F06-25DD-40A8-B607-0B6BE020A4E2}.Debug|iPhone.Build.0 = Debug|Any CPU
		{C8AD1F06-25DD-40A8-B607-0B6BE020A4E2}.Release|iPhone.ActiveCfg = Release|Any CPU
		{C8AD1F06-25DD-40A8-B607-0B6BE020A4E2}.Release|iPhone.Build.0 = Release|Any CPU
		{C8AD1F06-25DD-40A8-B607-0B6BE020A4E2}.Ad-Hoc|iPhone.ActiveCfg = Debug|Any CPU
		{C8AD1F06-25DD-40A8-B607-0B6BE020A4E2}.Ad-Hoc|iPhone.Build.0 = Debug|Any CPU
		{C8AD1F06-25DD-40A8-B607-0B6BE020A4E2}.AppStore|iPhone.ActiveCfg = Debug|Any CPU
		{C8AD1F06-25DD-40A8-B607-0B6BE020A4E2}.AppStore|iPhone.Build.0 = Debug|Any CPU
		{0FA24E51-02DC-4F88-A354-491429843936}.Debug|Any CPU.ActiveCfg = Debug|iPhoneSimulator
		{0FA24E51-02DC-4F88-A354-491429843936}.Debug|Any CPU.Build.0 = Debug|iPhoneSimulator
		{0FA24E51-02DC-4F88-A354-491429843936}.Release|Any CPU.ActiveCfg = Release|iPhoneSimulator
		{0FA24E51-02DC-4F88-A354-491429843936}.Release|Any CPU.Build.0 = Release|iPhoneSimulator
		{0FA24E51-02DC-4F88-A354-491429843936}.Debug|iPhoneSimulator.ActiveCfg = Debug|iPhoneSimulator
		{0FA24E51-02DC-4F88-A354-491429843936}.Debug|iPhoneSimulator.Build.0 = Debug|iPhoneSimulator
		{0FA24E51-02DC-4F88-A354-491429843936}.Release|iPhoneSimulator.ActiveCfg = Release|iPhoneSimulator
		{0FA24E51-02DC-4F88-A354-491429843936}.Release|iPhoneSimulator.Build.0 = Release|iPhoneSimulator
		{0FA24E51-02DC-4F88-A354-491429843936}.Debug|iPhone.ActiveCfg = Debug|iPhone
		{0FA24E51-02DC-4F88-A354-491429843936}.Debug|iPhone.Build.0 = Debug|iPhone
		{0FA24E51-02DC-4F88-A354-491429843936}.Release|iPhone.ActiveCfg = Release|iPhone
		{0FA24E51-02DC-4F88-A354-491429843936}.Release|iPhone.Build.0 = Release|iPhone
		{0FA24E51-02DC-4F88-A354-491429843936}.Ad-Hoc|iPhone.ActiveCfg = Ad-Hoc|iPhone
		{0FA24E51-02DC-4F88-A354-491429843936}.Ad-Hoc|iPhone.Build.0 = Ad-Hoc|iPhone
		{0FA24E51-02DC-4F88-A354-491429843936}.AppStore|iPhone.ActiveCfg = AppStore|iPhone
		{0FA24E51-02DC-4F88-A354-491429843936}.AppStore|iPhone.Build.0 = AppStore|iPhone
		{D4E64697-9E59-4036-841B-2C24BA6E4C23}.Debug|Any CPU.ActiveCfg = Debug|Any CPU
		{D4E64697-9E59-4036-841B-2C24BA6E4C23}.Debug|Any CPU.Build.0 = Debug|Any CPU
		{D4E64697-9E59-4036-841B-2C24BA6E4C23}.Release|Any CPU.ActiveCfg = Release|Any CPU
		{D4E64697-9E59-4036-841B-2C24BA6E4C23}.Release|Any CPU.Build.0 = Release|Any CPU
		{D4E64697-9E59-4036-841B-2C24BA6E4C23}.Debug|iPhoneSimulator.ActiveCfg = Debug|Any CPU
		{D4E64697-9E59-4036-841B-2C24BA6E4C23}.Debug|iPhoneSimulator.Build.0 = Debug|Any CPU
		{D4E64697-9E59-4036-841B-2C24BA6E4C23}.Release|iPhoneSimulator.ActiveCfg = Release|Any CPU
		{D4E64697-9E59-4036-841B-2C24BA6E4C23}.Release|iPhoneSimulator.Build.0 = Release|Any CPU
		{D4E64697-9E59-4036-841B-2C24BA6E4C23}.Debug|iPhone.ActiveCfg = Debug|Any CPU
		{D4E64697-9E59-4036-841B-2C24BA6E4C23}.Debug|iPhone.Build.0 = Debug|Any CPU
		{D4E64697-9E59-4036-841B-2C24BA6E4C23}.Release|iPhone.ActiveCfg = Release|Any CPU
		{D4E64697-9E59-4036-841B-2C24BA6E4C23}.Release|iPhone.Build.0 = Release|Any CPU
		{D4E64697-9E59-4036-841B-2C24BA6E4C23}.Ad-Hoc|iPhone.ActiveCfg = Debug|Any CPU
		{D4E64697-9E59-4036-841B-2C24BA6E4C23}.Ad-Hoc|iPhone.Build.0 = Debug|Any CPU
		{D4E64697-9E59-4036-841B-2C24BA6E4C23}.AppStore|iPhone.ActiveCfg = Debug|Any CPU
		{D4E64697-9E59-4036-841B-2C24BA6E4C23}.AppStore|iPhone.Build.0 = Debug|Any CPU
		{8BF132EF-B64F-43D7-BCC1-C9601FE1FFBF}.Debug|Any CPU.ActiveCfg = Debug|Any CPU
		{8BF132EF-B64F-43D7-BCC1-C9601FE1FFBF}.Debug|Any CPU.Build.0 = Debug|Any CPU
		{8BF132EF-B64F-43D7-BCC1-C9601FE1FFBF}.Release|Any CPU.ActiveCfg = Release|Any CPU
		{8BF132EF-B64F-43D7-BCC1-C9601FE1FFBF}.Release|Any CPU.Build.0 = Release|Any CPU
		{8BF132EF-B64F-43D7-BCC1-C9601FE1FFBF}.Debug|iPhoneSimulator.ActiveCfg = Debug|Any CPU
		{8BF132EF-B64F-43D7-BCC1-C9601FE1FFBF}.Debug|iPhoneSimulator.Build.0 = Debug|Any CPU
		{8BF132EF-B64F-43D7-BCC1-C9601FE1FFBF}.Release|iPhoneSimulator.ActiveCfg = Release|Any CPU
		{8BF132EF-B64F-43D7-BCC1-C9601FE1FFBF}.Release|iPhoneSimulator.Build.0 = Release|Any CPU
		{8BF132EF-B64F-43D7-BCC1-C9601FE1FFBF}.Debug|iPhone.ActiveCfg = Debug|Any CPU
		{8BF132EF-B64F-43D7-BCC1-C9601FE1FFBF}.Debug|iPhone.Build.0 = Debug|Any CPU
		{8BF132EF-B64F-43D7-BCC1-C9601FE1FFBF}.Release|iPhone.ActiveCfg = Release|Any CPU
		{8BF132EF-B64F-43D7-BCC1-C9601FE1FFBF}.Release|iPhone.Build.0 = Release|Any CPU
		{8BF132EF-B64F-43D7-BCC1-C9601FE1FFBF}.Ad-Hoc|iPhone.ActiveCfg = Release|Any CPU
		{8BF132EF-B64F-43D7-BCC1-C9601FE1FFBF}.Ad-Hoc|iPhone.Build.0 = Release|Any CPU
		{8BF132EF-B64F-43D7-BCC1-C9601FE1FFBF}.AppStore|iPhone.ActiveCfg = Release|Any CPU
		{8BF132EF-B64F-43D7-BCC1-C9601FE1FFBF}.AppStore|iPhone.Build.0 = Release|Any CPU
	EndGlobalSection
EndGlobal
